
Microsoft Visual Studio Solution File, Format Version 12.00
# Visual Studio Version 17
VisualStudioVersion = 17.0.32014.148
MinimumVisualStudioVersion = 10.0.40219.1
Project("{9A19103F-16F7-4668-BE54-9A1E7A4F7556}") = "FiveKnights", "FiveKnights.csproj", "{3E523348-F88B-481B-95AB-11CB077C46B8}"
EndProject
Global
	GlobalSection(SolutionConfigurationPlatforms) = preSolution
		Debug|Any CPU = Debug|Any CPU
		Release|Any CPU = Release|Any CPU
	EndGlobalSection
	GlobalSection(ProjectConfigurationPlatforms) = postSolution
		{3E523348-F88B-481B-95AB-11CB077C46B8}.Debug|Any CPU.ActiveCfg = Debug|Any CPU
		{3E523348-F88B-481B-95AB-11CB077C46B8}.Debug|Any CPU.Build.0 = Debug|Any CPU
		{3E523348-F88B-481B-95AB-11CB077C46B8}.Release|Any CPU.ActiveCfg = Release|Any CPU
		{3E523348-F88B-481B-95AB-11CB077C46B8}.Release|Any CPU.Build.0 = Release|Any CPU
	EndGlobalSection
	GlobalSection(SolutionProperties) = preSolution
		HideSolutionNode = FALSE
	EndGlobalSection
	GlobalSection(ExtensibilityGlobals) = postSolution
		        SolutionGuid = {CC202338-A45C-4169-9DE9-5BC71CCC0E16}
		SolutionGuid = {BF4085B5-A0EF-4C07-8ABA-F36F6985F3FC}
	EndGlobalSection
EndGlobal
